
Microsoft Visual Studio Solution File, Format Version 12.00
# Visual Studio Version 16
VisualStudioVersion = 16.0.28803.202
MinimumVisualStudioVersion = 10.0.40219.1
Project("{FAE04EC0-301F-11D3-BF4B-00C04F79EFBC}") = "DropInMultiplayerFix", "DropInMultiplayerFix\DropInMultiplayerFix.csproj", "{D1F140BB-0F3E-45E7-897B-D5283AA6C0EB}"
EndProject
Global
	GlobalSection(SolutionConfigurationPlatforms) = preSolution
		Debug|Any CPU = Debug|Any CPU
		Release|Any CPU = Release|Any CPU
	EndGlobalSection
	GlobalSection(ProjectConfigurationPlatforms) = postSolution
		{D1F140BB-0F3E-45E7-897B-D5283AA6C0EB}.Debug|Any CPU.ActiveCfg = Debug|Any CPU
		{D1F140BB-0F3E-45E7-897B-D5283AA6C0EB}.Debug|Any CPU.Build.0 = Debug|Any CPU
		{D1F140BB-0F3E-45E7-897B-D5283AA6C0EB}.Release|Any CPU.ActiveCfg = Release|Any CPU
		{D1F140BB-0F3E-45E7-897B-D5283AA6C0EB}.Release|Any CPU.Build.0 = Release|Any CPU
	EndGlobalSection
	GlobalSection(SolutionProperties) = preSolution
		HideSolutionNode = FALSE
	EndGlobalSection
	GlobalSection(ExtensibilityGlobals) = postSolution
		SolutionGuid = {87A3F442-1197-4214-844F-04B58D00C827}
	EndGlobalSection
EndGlobal
